
Microsoft Visual Studio Solution File, Format Version 12.00
# Visual Studio 15
VisualStudioVersion = 15.0.27703.2026
MinimumVisualStudioVersion = 10.0.40219.1
Project("{8BC9CEB8-8B4A-11D0-8D11-00A0C91BC942}") = "IPCDemo", "IPCDemo\IPCDemo.vcxproj", "{7233B656-F491-41B6-9030-BE1CBD90DF36}"
EndProject
Project("{8BC9CEB8-8B4A-11D0-8D11-00A0C91BC942}") = "IPCWorker", "IPCWorker\IPCWorker.vcxproj", "{8342F156-829E-42CD-893C-1202D47CFD10}"
EndProject
Global
	GlobalSection(SolutionConfigurationPlatforms) = preSolution
		Debug|x64 = Debug|x64
		Debug|x86 = Debug|x86
		Release|x64 = Release|x64
		Release|x86 = Release|x86
	EndGlobalSection
	GlobalSection(ProjectConfigurationPlatforms) = postSolution
		{7233B656-F491-41B6-9030-BE1CBD90DF36}.Debug|x64.ActiveCfg = Debug|x64
		{7233B656-F491-41B6-9030-BE1CBD90DF36}.Debug|x64.Build.0 = Debug|x64
		{7233B656-F491-41B6-9030-BE1CBD90DF36}.Debug|x86.ActiveCfg = Debug|Win32
		{7233B656-F491-41B6-9030-BE1CBD90DF36}.Debug|x86.Build.0 = Debug|Win32
		{7233B656-F491-41B6-9030-BE1CBD90DF36}.Release|x64.ActiveCfg = Release|x64
		{7233B656-F491-41B6-9030-BE1CBD90DF36}.Release|x64.Build.0 = Release|x64
		{7233B656-F491-41B6-9030-BE1CBD90DF36}.Release|x86.ActiveCfg = Release|Win32
		{7233B656-F491-41B6-9030-BE1CBD90DF36}.Release|x86.Build.0 = Release|Win32
		{8342F156-829E-42CD-893C-1202D47CFD10}.Debug|x64.ActiveCfg = Debug|x64
		{8342F156-829E-42CD-893C-1202D47CFD10}.Debug|x64.Build.0 = Debug|x64
		{8342F156-829E-42CD-893C-1202D47CFD10}.Debug|x86.ActiveCfg = Debug|Win32
		{8342F156-829E-42CD-893C-1202D47CFD10}.Debug|x86.Build.0 = Debug|Win32
		{8342F156-829E-42CD-893C-1202D47CFD10}.Release|x64.ActiveCfg = Release|x64
		{8342F156-829E-42CD-893C-1202D47CFD10}.Release|x64.Build.0 = Release|x64
		{8342F156-829E-42CD-893C-1202D47CFD10}.Release|x86.ActiveCfg = Release|Win32
		{8342F156-829E-42CD-893C-1202D47CFD10}.Release|x86.Build.0 = Release|Win32
	EndGlobalSection
	GlobalSection(SolutionProperties) = preSolution
		HideSolutionNode = FALSE
	EndGlobalSection
	GlobalSection(ExtensibilityGlobals) = postSolution
		SolutionGuid = {5DFEDF2A-2BF6-45ED-8DF1-3F177974D8C6}
	EndGlobalSection
EndGlobal
