
Microsoft Visual Studio Solution File, Format Version 12.00
# Visual Studio 2012
Project("{8BC9CEB8-8B4A-11D0-8D11-00A0C91BC942}") = "ex5", "ex5\ex5.vcxproj", "{4335AD3C-CEE6-4046-A13E-78EF24F4F8EB}"
EndProject
Global
	GlobalSection(SolutionConfigurationPlatforms) = preSolution
		Debug|Win32 = Debug|Win32
		Release|Win32 = Release|Win32
	EndGlobalSection
	GlobalSection(ProjectConfigurationPlatforms) = postSolution
		{4335AD3C-CEE6-4046-A13E-78EF24F4F8EB}.Debug|Win32.ActiveCfg = Debug|Win32
		{4335AD3C-CEE6-4046-A13E-78EF24F4F8EB}.Debug|Win32.Build.0 = Debug|Win32
		{4335AD3C-CEE6-4046-A13E-78EF24F4F8EB}.Release|Win32.ActiveCfg = Release|Win32
		{4335AD3C-CEE6-4046-A13E-78EF24F4F8EB}.Release|Win32.Build.0 = Release|Win32
	EndGlobalSection
	GlobalSection(SolutionProperties) = preSolution
		HideSolutionNode = FALSE
	EndGlobalSection
EndGlobal
