
Microsoft Visual Studio Solution File, Format Version 12.00
# Visual Studio 14
VisualStudioVersion = 14.0.25420.1
MinimumVisualStudioVersion = 10.0.40219.1
Project("{8BC9CEB8-8B4A-11D0-8D11-00A0C91BC942}") = "02_03", "02_03\02_03.vcxproj", "{59AEC4E5-467A-45BD-8000-CBC8A1D142BD}"
EndProject
Project("{8BC9CEB8-8B4A-11D0-8D11-00A0C91BC942}") = "02_04", "02_04\02_04.vcxproj", "{64BD3D10-5590-48C7-BC7F-B88DD5182F8A}"
EndProject
Project("{8BC9CEB8-8B4A-11D0-8D11-00A0C91BC942}") = "02_05", "02_05\02_05.vcxproj", "{FB0346D2-3645-4578-BA0F-B20FA7722E44}"
EndProject
Project("{8BC9CEB8-8B4A-11D0-8D11-00A0C91BC942}") = "02_06", "main26\main26.vcxproj", "{E28CDFB4-1825-498C-ACC7-87FBF14DEE2A}"
EndProject
Project("{8BC9CEB8-8B4A-11D0-8D11-00A0C91BC942}") = "02_07", "02_07\02_07.vcxproj", "{6A40D377-1981-4726-89B2-0A503C67CBEE}"
EndProject
Project("{8BC9CEB8-8B4A-11D0-8D11-00A0C91BC942}") = "02_08", "02_08\02_08.vcxproj", "{F6AA421C-87F7-4FB4-BF58-EA8C992205CB}"
EndProject
Project("{8BC9CEB8-8B4A-11D0-8D11-00A0C91BC942}") = "03_01", "03_01\03_01.vcxproj", "{13664940-2C74-448A-A541-F08F710DE505}"
EndProject
Global
	GlobalSection(SolutionConfigurationPlatforms) = preSolution
		Debug|x64 = Debug|x64
		Debug|x86 = Debug|x86
		Release|x64 = Release|x64
		Release|x86 = Release|x86
	EndGlobalSection
	GlobalSection(ProjectConfigurationPlatforms) = postSolution
		{59AEC4E5-467A-45BD-8000-CBC8A1D142BD}.Debug|x64.ActiveCfg = Debug|x64
		{59AEC4E5-467A-45BD-8000-CBC8A1D142BD}.Debug|x64.Build.0 = Debug|x64
		{59AEC4E5-467A-45BD-8000-CBC8A1D142BD}.Debug|x86.ActiveCfg = Debug|Win32
		{59AEC4E5-467A-45BD-8000-CBC8A1D142BD}.Debug|x86.Build.0 = Debug|Win32
		{59AEC4E5-467A-45BD-8000-CBC8A1D142BD}.Release|x64.ActiveCfg = Release|x64
		{59AEC4E5-467A-45BD-8000-CBC8A1D142BD}.Release|x64.Build.0 = Release|x64
		{59AEC4E5-467A-45BD-8000-CBC8A1D142BD}.Release|x86.ActiveCfg = Release|Win32
		{59AEC4E5-467A-45BD-8000-CBC8A1D142BD}.Release|x86.Build.0 = Release|Win32
		{64BD3D10-5590-48C7-BC7F-B88DD5182F8A}.Debug|x64.ActiveCfg = Debug|x64
		{64BD3D10-5590-48C7-BC7F-B88DD5182F8A}.Debug|x64.Build.0 = Debug|x64
		{64BD3D10-5590-48C7-BC7F-B88DD5182F8A}.Debug|x86.ActiveCfg = Debug|Win32
		{64BD3D10-5590-48C7-BC7F-B88DD5182F8A}.Debug|x86.Build.0 = Debug|Win32
		{64BD3D10-5590-48C7-BC7F-B88DD5182F8A}.Release|x64.ActiveCfg = Release|x64
		{64BD3D10-5590-48C7-BC7F-B88DD5182F8A}.Release|x64.Build.0 = Release|x64
		{64BD3D10-5590-48C7-BC7F-B88DD5182F8A}.Release|x86.ActiveCfg = Release|Win32
		{64BD3D10-5590-48C7-BC7F-B88DD5182F8A}.Release|x86.Build.0 = Release|Win32
		{FB0346D2-3645-4578-BA0F-B20FA7722E44}.Debug|x64.ActiveCfg = Debug|x64
		{FB0346D2-3645-4578-BA0F-B20FA7722E44}.Debug|x64.Build.0 = Debug|x64
		{FB0346D2-3645-4578-BA0F-B20FA7722E44}.Debug|x86.ActiveCfg = Debug|Win32
		{FB0346D2-3645-4578-BA0F-B20FA7722E44}.Debug|x86.Build.0 = Debug|Win32
		{FB0346D2-3645-4578-BA0F-B20FA7722E44}.Release|x64.ActiveCfg = Release|x64
		{FB0346D2-3645-4578-BA0F-B20FA7722E44}.Release|x64.Build.0 = Release|x64
		{FB0346D2-3645-4578-BA0F-B20FA7722E44}.Release|x86.ActiveCfg = Release|Win32
		{FB0346D2-3645-4578-BA0F-B20FA7722E44}.Release|x86.Build.0 = Release|Win32
		{E28CDFB4-1825-498C-ACC7-87FBF14DEE2A}.Debug|x64.ActiveCfg = Debug|x64
		{E28CDFB4-1825-498C-ACC7-87FBF14DEE2A}.Debug|x64.Build.0 = Debug|x64
		{E28CDFB4-1825-498C-ACC7-87FBF14DEE2A}.Debug|x86.ActiveCfg = Debug|Win32
		{E28CDFB4-1825-498C-ACC7-87FBF14DEE2A}.Debug|x86.Build.0 = Debug|Win32
		{E28CDFB4-1825-498C-ACC7-87FBF14DEE2A}.Release|x64.ActiveCfg = Release|x64
		{E28CDFB4-1825-498C-ACC7-87FBF14DEE2A}.Release|x64.Build.0 = Release|x64
		{E28CDFB4-1825-498C-ACC7-87FBF14DEE2A}.Release|x86.ActiveCfg = Release|Win32
		{E28CDFB4-1825-498C-ACC7-87FBF14DEE2A}.Release|x86.Build.0 = Release|Win32
		{6A40D377-1981-4726-89B2-0A503C67CBEE}.Debug|x64.ActiveCfg = Debug|x64
		{6A40D377-1981-4726-89B2-0A503C67CBEE}.Debug|x64.Build.0 = Debug|x64
		{6A40D377-1981-4726-89B2-0A503C67CBEE}.Debug|x86.ActiveCfg = Debug|Win32
		{6A40D377-1981-4726-89B2-0A503C67CBEE}.Debug|x86.Build.0 = Debug|Win32
		{6A40D377-1981-4726-89B2-0A503C67CBEE}.Release|x64.ActiveCfg = Release|x64
		{6A40D377-1981-4726-89B2-0A503C67CBEE}.Release|x64.Build.0 = Release|x64
		{6A40D377-1981-4726-89B2-0A503C67CBEE}.Release|x86.ActiveCfg = Release|Win32
		{6A40D377-1981-4726-89B2-0A503C67CBEE}.Release|x86.Build.0 = Release|Win32
		{F6AA421C-87F7-4FB4-BF58-EA8C992205CB}.Debug|x64.ActiveCfg = Debug|x64
		{F6AA421C-87F7-4FB4-BF58-EA8C992205CB}.Debug|x64.Build.0 = Debug|x64
		{F6AA421C-87F7-4FB4-BF58-EA8C992205CB}.Debug|x86.ActiveCfg = Debug|Win32
		{F6AA421C-87F7-4FB4-BF58-EA8C992205CB}.Debug|x86.Build.0 = Debug|Win32
		{F6AA421C-87F7-4FB4-BF58-EA8C992205CB}.Release|x64.ActiveCfg = Release|x64
		{F6AA421C-87F7-4FB4-BF58-EA8C992205CB}.Release|x64.Build.0 = Release|x64
		{F6AA421C-87F7-4FB4-BF58-EA8C992205CB}.Release|x86.ActiveCfg = Release|Win32
		{F6AA421C-87F7-4FB4-BF58-EA8C992205CB}.Release|x86.Build.0 = Release|Win32
		{13664940-2C74-448A-A541-F08F710DE505}.Debug|x64.ActiveCfg = Debug|x64
		{13664940-2C74-448A-A541-F08F710DE505}.Debug|x64.Build.0 = Debug|x64
		{13664940-2C74-448A-A541-F08F710DE505}.Debug|x86.ActiveCfg = Debug|Win32
		{13664940-2C74-448A-A541-F08F710DE505}.Debug|x86.Build.0 = Debug|Win32
		{13664940-2C74-448A-A541-F08F710DE505}.Release|x64.ActiveCfg = Release|x64
		{13664940-2C74-448A-A541-F08F710DE505}.Release|x64.Build.0 = Release|x64
		{13664940-2C74-448A-A541-F08F710DE505}.Release|x86.ActiveCfg = Release|Win32
		{13664940-2C74-448A-A541-F08F710DE505}.Release|x86.Build.0 = Release|Win32
	EndGlobalSection
	GlobalSection(SolutionProperties) = preSolution
		HideSolutionNode = FALSE
	EndGlobalSection
EndGlobal
