
Microsoft Visual Studio Solution File, Format Version 12.00
# Visual Studio 2012
Project("{8BC9CEB8-8B4A-11D0-8D11-00A0C91BC942}") = "ex06", "ex06\ex06.vcxproj", "{E422CC17-DD9E-4023-991D-81EC3627C74F}"
EndProject
Global
	GlobalSection(SolutionConfigurationPlatforms) = preSolution
		Debug|Win32 = Debug|Win32
		Release|Win32 = Release|Win32
	EndGlobalSection
	GlobalSection(ProjectConfigurationPlatforms) = postSolution
		{E422CC17-DD9E-4023-991D-81EC3627C74F}.Debug|Win32.ActiveCfg = Debug|Win32
		{E422CC17-DD9E-4023-991D-81EC3627C74F}.Debug|Win32.Build.0 = Debug|Win32
		{E422CC17-DD9E-4023-991D-81EC3627C74F}.Release|Win32.ActiveCfg = Release|Win32
		{E422CC17-DD9E-4023-991D-81EC3627C74F}.Release|Win32.Build.0 = Release|Win32
	EndGlobalSection
	GlobalSection(SolutionProperties) = preSolution
		HideSolutionNode = FALSE
	EndGlobalSection
EndGlobal
