
Microsoft Visual Studio Solution File, Format Version 12.00
# Visual Studio 2012
Project("{8BC9CEB8-8B4A-11D0-8D11-00A0C91BC942}") = "ex1_01", "ex1_01\ex1_01.vcxproj", "{0CE25933-D113-40BA-89B4-ED6BDC0808FB}"
EndProject
Global
	GlobalSection(SolutionConfigurationPlatforms) = preSolution
		Debug|Win32 = Debug|Win32
		Release|Win32 = Release|Win32
	EndGlobalSection
	GlobalSection(ProjectConfigurationPlatforms) = postSolution
		{0CE25933-D113-40BA-89B4-ED6BDC0808FB}.Debug|Win32.ActiveCfg = Debug|Win32
		{0CE25933-D113-40BA-89B4-ED6BDC0808FB}.Debug|Win32.Build.0 = Debug|Win32
		{0CE25933-D113-40BA-89B4-ED6BDC0808FB}.Release|Win32.ActiveCfg = Release|Win32
		{0CE25933-D113-40BA-89B4-ED6BDC0808FB}.Release|Win32.Build.0 = Release|Win32
	EndGlobalSection
	GlobalSection(SolutionProperties) = preSolution
		HideSolutionNode = FALSE
	EndGlobalSection
EndGlobal
