
Microsoft Visual Studio Solution File, Format Version 12.00
# Visual Studio 2012
Project("{8BC9CEB8-8B4A-11D0-8D11-00A0C91BC942}") = "ex4_05", "ex4_05\ex4_05.vcxproj", "{71871C90-8D54-4E79-933D-6398B661795A}"
EndProject
Global
	GlobalSection(SolutionConfigurationPlatforms) = preSolution
		Debug|Win32 = Debug|Win32
		Release|Win32 = Release|Win32
	EndGlobalSection
	GlobalSection(ProjectConfigurationPlatforms) = postSolution
		{71871C90-8D54-4E79-933D-6398B661795A}.Debug|Win32.ActiveCfg = Debug|Win32
		{71871C90-8D54-4E79-933D-6398B661795A}.Debug|Win32.Build.0 = Debug|Win32
		{71871C90-8D54-4E79-933D-6398B661795A}.Release|Win32.ActiveCfg = Release|Win32
		{71871C90-8D54-4E79-933D-6398B661795A}.Release|Win32.Build.0 = Release|Win32
	EndGlobalSection
	GlobalSection(SolutionProperties) = preSolution
		HideSolutionNode = FALSE
	EndGlobalSection
EndGlobal
